[root]
name = "prime-timeout"
version = "0.1.0"
dependencies = [
 "futures 0.1.9 (registry+https://github.com/rust-lang/crates.io-index)",
 "futures-cpupool 0.1.2 (registry+https://github.com/rust-lang/crates.io-index)",
]

[[package]]
name = "crossbeam"
version = "0.2.10"
source = "registry+https://github.com/rust-lang/crates.io-index"

[[package]]
name = "futures"
version = "0.1.9"
source = "registry+https://github.com/rust-lang/crates.io-index"
dependencies = [
 "log 0.3.6 (registry+https://github.com/rust-lang/crates.io-index)",
]

[[package]]
name = "futures-cpupool"
version = "0.1.2"
source = "registry+https://github.com/rust-lang/crates.io-index"
dependencies = [
 "crossbeam 0.2.10 (registry+https://github.com/rust-lang/crates.io-index)",
 "futures 0.1.9 (registry+https://github.com/rust-lang/crates.io-index)",
 "num_cpus 1.2.1 (registry+https://github.com/rust-lang/crates.io-index)",
]

[[package]]
name = "libc"
version = "0.2.20"
source = "registry+https://github.com/rust-lang/crates.io-index"

[[package]]
name = "log"
version = "0.3.6"
source = "registry+https://github.com/rust-lang/crates.io-index"

[[package]]
name = "num_cpus"
version = "1.2.1"
source = "registry+https://github.com/rust-lang/crates.io-index"
dependencies = [
 "libc 0.2.20 (registry+https://github.com/rust-lang/crates.io-index)",
]

